
Microsoft Visual Studio Solution File, Format Version 12.00
# Visual Studio Version 17
VisualStudioVersion = 17.0.31611.283
MinimumVisualStudioVersion = 10.0.40219.1
Project("{9A19103F-16F7-4668-BE54-9A1E7A4F7556}") = "MsLearnMaui", "MsLearnMaui\MsLearnMaui.csproj", "{7067EE3F-340B-4773-B217-3B9D8B7DD926}"
EndProject
Project("{9A19103F-16F7-4668-BE54-9A1E7A4F7556}") = "Phoneword", "Phoneword\Phoneword.csproj", "{08644F39-3F28-4CD2-9F35-0C2337AAFB15}"
EndProject
Project("{9A19103F-16F7-4668-BE54-9A1E7A4F7556}") = "Notes", "Notes\Notes.csproj", "{D20D063D-A3CB-41F5-9151-C3E0EFBF5C17}"
EndProject
Project("{9A19103F-16F7-4668-BE54-9A1E7A4F7556}") = "Alignment", "Alignment\Alignment.csproj", "{1E5DF163-71DB-4332-AF0F-4173635E68B3}"
EndProject
Project("{9A19103F-16F7-4668-BE54-9A1E7A4F7556}") = "TipCalculator", "TipCalculator\TipCalculator.csproj", "{2C6487A5-995D-4870-A706-C06D70351182}"
EndProject
Global
	GlobalSection(SolutionConfigurationPlatforms) = preSolution
		Debug|Any CPU = Debug|Any CPU
		Release|Any CPU = Release|Any CPU
	EndGlobalSection
	GlobalSection(ProjectConfigurationPlatforms) = postSolution
		{7067EE3F-340B-4773-B217-3B9D8B7DD926}.Debug|Any CPU.ActiveCfg = Debug|Any CPU
		{7067EE3F-340B-4773-B217-3B9D8B7DD926}.Debug|Any CPU.Build.0 = Debug|Any CPU
		{7067EE3F-340B-4773-B217-3B9D8B7DD926}.Debug|Any CPU.Deploy.0 = Debug|Any CPU
		{7067EE3F-340B-4773-B217-3B9D8B7DD926}.Release|Any CPU.ActiveCfg = Release|Any CPU
		{7067EE3F-340B-4773-B217-3B9D8B7DD926}.Release|Any CPU.Build.0 = Release|Any CPU
		{7067EE3F-340B-4773-B217-3B9D8B7DD926}.Release|Any CPU.Deploy.0 = Release|Any CPU
		{08644F39-3F28-4CD2-9F35-0C2337AAFB15}.Debug|Any CPU.ActiveCfg = Debug|Any CPU
		{08644F39-3F28-4CD2-9F35-0C2337AAFB15}.Debug|Any CPU.Build.0 = Debug|Any CPU
		{08644F39-3F28-4CD2-9F35-0C2337AAFB15}.Debug|Any CPU.Deploy.0 = Debug|Any CPU
		{08644F39-3F28-4CD2-9F35-0C2337AAFB15}.Release|Any CPU.ActiveCfg = Release|Any CPU
		{08644F39-3F28-4CD2-9F35-0C2337AAFB15}.Release|Any CPU.Build.0 = Release|Any CPU
		{08644F39-3F28-4CD2-9F35-0C2337AAFB15}.Release|Any CPU.Deploy.0 = Release|Any CPU
		{D20D063D-A3CB-41F5-9151-C3E0EFBF5C17}.Debug|Any CPU.ActiveCfg = Debug|Any CPU
		{D20D063D-A3CB-41F5-9151-C3E0EFBF5C17}.Debug|Any CPU.Build.0 = Debug|Any CPU
		{D20D063D-A3CB-41F5-9151-C3E0EFBF5C17}.Debug|Any CPU.Deploy.0 = Debug|Any CPU
		{D20D063D-A3CB-41F5-9151-C3E0EFBF5C17}.Release|Any CPU.ActiveCfg = Release|Any CPU
		{D20D063D-A3CB-41F5-9151-C3E0EFBF5C17}.Release|Any CPU.Build.0 = Release|Any CPU
		{D20D063D-A3CB-41F5-9151-C3E0EFBF5C17}.Release|Any CPU.Deploy.0 = Release|Any CPU
		{1E5DF163-71DB-4332-AF0F-4173635E68B3}.Debug|Any CPU.ActiveCfg = Debug|Any CPU
		{1E5DF163-71DB-4332-AF0F-4173635E68B3}.Debug|Any CPU.Build.0 = Debug|Any CPU
		{1E5DF163-71DB-4332-AF0F-4173635E68B3}.Debug|Any CPU.Deploy.0 = Debug|Any CPU
		{1E5DF163-71DB-4332-AF0F-4173635E68B3}.Release|Any CPU.ActiveCfg = Release|Any CPU
		{1E5DF163-71DB-4332-AF0F-4173635E68B3}.Release|Any CPU.Build.0 = Release|Any CPU
		{1E5DF163-71DB-4332-AF0F-4173635E68B3}.Release|Any CPU.Deploy.0 = Release|Any CPU
		{2C6487A5-995D-4870-A706-C06D70351182}.Debug|Any CPU.ActiveCfg = Debug|Any CPU
		{2C6487A5-995D-4870-A706-C06D70351182}.Debug|Any CPU.Build.0 = Debug|Any CPU
		{2C6487A5-995D-4870-A706-C06D70351182}.Debug|Any CPU.Deploy.0 = Debug|Any CPU
		{2C6487A5-995D-4870-A706-C06D70351182}.Release|Any CPU.ActiveCfg = Release|Any CPU
		{2C6487A5-995D-4870-A706-C06D70351182}.Release|Any CPU.Build.0 = Release|Any CPU
		{2C6487A5-995D-4870-A706-C06D70351182}.Release|Any CPU.Deploy.0 = Release|Any CPU
	EndGlobalSection
	GlobalSection(SolutionProperties) = preSolution
		HideSolutionNode = FALSE
	EndGlobalSection
	GlobalSection(ExtensibilityGlobals) = postSolution
		SolutionGuid = {61F7FB11-1E47-470C-91E2-47F8143E1572}
	EndGlobalSection
EndGlobal
